
Microsoft Visual Studio Solution File, Format Version 12.00
# Visual Studio 2012
Project("{8BC9CEB8-8B4A-11D0-8D11-00A0C91BC942}") = "CityHash.Win32", "CityHash.Win32\CityHash.Win32.vcxproj", "{724F9F72-6888-4DD2-BF39-8D043A8029B5}"
EndProject
Project("{FAE04EC0-301F-11D3-BF4B-00C04F79EFBC}") = "CityHash.Tests", "CityHash.Tests\CityHash.Tests.csproj", "{09B87635-CB41-4AD7-9C87-97FF642B9DE3}"
EndProject
Project("{FAE04EC0-301F-11D3-BF4B-00C04F79EFBC}") = "CityHash", "CityHash\CityHash.csproj", "{70C597B8-1ADB-46DE-AC96-359B2EA0D5F7}"
EndProject
Global
	GlobalSection(SolutionConfigurationPlatforms) = preSolution
		Debug|Any CPU = Debug|Any CPU
		Debug|Mixed Platforms = Debug|Mixed Platforms
		Debug|Win32 = Debug|Win32
		Release|Any CPU = Release|Any CPU
		Release|Mixed Platforms = Release|Mixed Platforms
		Release|Win32 = Release|Win32
	EndGlobalSection
	GlobalSection(ProjectConfigurationPlatforms) = postSolution
		{724F9F72-6888-4DD2-BF39-8D043A8029B5}.Debug|Any CPU.ActiveCfg = Debug|Win32
		{724F9F72-6888-4DD2-BF39-8D043A8029B5}.Debug|Mixed Platforms.ActiveCfg = Debug|Win32
		{724F9F72-6888-4DD2-BF39-8D043A8029B5}.Debug|Mixed Platforms.Build.0 = Debug|Win32
		{724F9F72-6888-4DD2-BF39-8D043A8029B5}.Debug|Win32.ActiveCfg = Debug|Win32
		{724F9F72-6888-4DD2-BF39-8D043A8029B5}.Debug|Win32.Build.0 = Debug|Win32
		{724F9F72-6888-4DD2-BF39-8D043A8029B5}.Release|Any CPU.ActiveCfg = Release|Win32
		{724F9F72-6888-4DD2-BF39-8D043A8029B5}.Release|Mixed Platforms.ActiveCfg = Release|Win32
		{724F9F72-6888-4DD2-BF39-8D043A8029B5}.Release|Mixed Platforms.Build.0 = Release|Win32
		{724F9F72-6888-4DD2-BF39-8D043A8029B5}.Release|Win32.ActiveCfg = Release|Win32
		{724F9F72-6888-4DD2-BF39-8D043A8029B5}.Release|Win32.Build.0 = Release|Win32
		{09B87635-CB41-4AD7-9C87-97FF642B9DE3}.Debug|Any CPU.ActiveCfg = Debug|Any CPU
		{09B87635-CB41-4AD7-9C87-97FF642B9DE3}.Debug|Any CPU.Build.0 = Debug|Any CPU
		{09B87635-CB41-4AD7-9C87-97FF642B9DE3}.Debug|Mixed Platforms.ActiveCfg = Debug|Any CPU
		{09B87635-CB41-4AD7-9C87-97FF642B9DE3}.Debug|Mixed Platforms.Build.0 = Debug|Any CPU
		{09B87635-CB41-4AD7-9C87-97FF642B9DE3}.Debug|Win32.ActiveCfg = Debug|Any CPU
		{09B87635-CB41-4AD7-9C87-97FF642B9DE3}.Release|Any CPU.ActiveCfg = Release|Any CPU
		{09B87635-CB41-4AD7-9C87-97FF642B9DE3}.Release|Any CPU.Build.0 = Release|Any CPU
		{09B87635-CB41-4AD7-9C87-97FF642B9DE3}.Release|Mixed Platforms.ActiveCfg = Release|Any CPU
		{09B87635-CB41-4AD7-9C87-97FF642B9DE3}.Release|Mixed Platforms.Build.0 = Release|Any CPU
		{09B87635-CB41-4AD7-9C87-97FF642B9DE3}.Release|Win32.ActiveCfg = Release|Any CPU
		{70C597B8-1ADB-46DE-AC96-359B2EA0D5F7}.Debug|Any CPU.ActiveCfg = Debug|Any CPU
		{70C597B8-1ADB-46DE-AC96-359B2EA0D5F7}.Debug|Any CPU.Build.0 = Debug|Any CPU
		{70C597B8-1ADB-46DE-AC96-359B2EA0D5F7}.Debug|Mixed Platforms.ActiveCfg = Debug|Any CPU
		{70C597B8-1ADB-46DE-AC96-359B2EA0D5F7}.Debug|Mixed Platforms.Build.0 = Debug|Any CPU
		{70C597B8-1ADB-46DE-AC96-359B2EA0D5F7}.Debug|Win32.ActiveCfg = Debug|Any CPU
		{70C597B8-1ADB-46DE-AC96-359B2EA0D5F7}.Release|Any CPU.ActiveCfg = Release|Any CPU
		{70C597B8-1ADB-46DE-AC96-359B2EA0D5F7}.Release|Any CPU.Build.0 = Release|Any CPU
		{70C597B8-1ADB-46DE-AC96-359B2EA0D5F7}.Release|Mixed Platforms.ActiveCfg = Release|Any CPU
		{70C597B8-1ADB-46DE-AC96-359B2EA0D5F7}.Release|Mixed Platforms.Build.0 = Release|Any CPU
		{70C597B8-1ADB-46DE-AC96-359B2EA0D5F7}.Release|Win32.ActiveCfg = Release|Any CPU
	EndGlobalSection
	GlobalSection(SolutionProperties) = preSolution
		HideSolutionNode = FALSE
	EndGlobalSection
EndGlobal
